
Microsoft Visual Studio Solution File, Format Version 12.00
# Visual Studio Version 17
VisualStudioVersion = 17.14.36414.22 d17.14
MinimumVisualStudioVersion = 10.0.40219.1
Project("{FAE04EC0-301F-11D3-BF4B-00C04F79EFBC}") = "Latian soal 4 algoritma singkat", "Latian soal 4 algoritma singkat.csproj", "{4B35E4FE-91B5-48DB-82D1-FABB4FE053B7}"
EndProject
Global
	GlobalSection(SolutionConfigurationPlatforms) = preSolution
		Debug|Any CPU = Debug|Any CPU
		Release|Any CPU = Release|Any CPU
	EndGlobalSection
	GlobalSection(ProjectConfigurationPlatforms) = postSolution
		{4B35E4FE-91B5-48DB-82D1-FABB4FE053B7}.Debug|Any CPU.ActiveCfg = Debug|Any CPU
		{4B35E4FE-91B5-48DB-82D1-FABB4FE053B7}.Debug|Any CPU.Build.0 = Debug|Any CPU
		{4B35E4FE-91B5-48DB-82D1-FABB4FE053B7}.Release|Any CPU.ActiveCfg = Release|Any CPU
		{4B35E4FE-91B5-48DB-82D1-FABB4FE053B7}.Release|Any CPU.Build.0 = Release|Any CPU
	EndGlobalSection
	GlobalSection(SolutionProperties) = preSolution
		HideSolutionNode = FALSE
	EndGlobalSection
	GlobalSection(ExtensibilityGlobals) = postSolution
		SolutionGuid = {30020B79-532E-40DB-A886-788C3A2BF97B}
	EndGlobalSection
EndGlobal
