
Microsoft Visual Studio Solution File, Format Version 12.00
# Visual Studio Version 17
VisualStudioVersion = 17.14.36414.22 d17.14
MinimumVisualStudioVersion = 10.0.40219.1
Project("{FAE04EC0-301F-11D3-BF4B-00C04F79EFBC}") = "Latian soal 3 algoritma singkat", "Latian soal 3 algoritma singkat.csproj", "{B507B29F-9A89-45CB-ABAC-C247AD33E40C}"
EndProject
Global
	GlobalSection(SolutionConfigurationPlatforms) = preSolution
		Debug|Any CPU = Debug|Any CPU
		Release|Any CPU = Release|Any CPU
	EndGlobalSection
	GlobalSection(ProjectConfigurationPlatforms) = postSolution
		{B507B29F-9A89-45CB-ABAC-C247AD33E40C}.Debug|Any CPU.ActiveCfg = Debug|Any CPU
		{B507B29F-9A89-45CB-ABAC-C247AD33E40C}.Debug|Any CPU.Build.0 = Debug|Any CPU
		{B507B29F-9A89-45CB-ABAC-C247AD33E40C}.Release|Any CPU.ActiveCfg = Release|Any CPU
		{B507B29F-9A89-45CB-ABAC-C247AD33E40C}.Release|Any CPU.Build.0 = Release|Any CPU
	EndGlobalSection
	GlobalSection(SolutionProperties) = preSolution
		HideSolutionNode = FALSE
	EndGlobalSection
	GlobalSection(ExtensibilityGlobals) = postSolution
		SolutionGuid = {1F81D758-B1E1-4667-90AE-03B92BBEDAAF}
	EndGlobalSection
EndGlobal
