
Microsoft Visual Studio Solution File, Format Version 12.00
# Visual Studio Version 17
VisualStudioVersion = 17.14.36414.22 d17.14
MinimumVisualStudioVersion = 10.0.40219.1
Project("{FAE04EC0-301F-11D3-BF4B-00C04F79EFBC}") = "Latian soal 2 algoritma singkat", "Latian soal 2 algoritma singkat.csproj", "{3B536877-EB10-4159-BAE8-EF3F01BE8BDC}"
EndProject
Global
	GlobalSection(SolutionConfigurationPlatforms) = preSolution
		Debug|Any CPU = Debug|Any CPU
		Release|Any CPU = Release|Any CPU
	EndGlobalSection
	GlobalSection(ProjectConfigurationPlatforms) = postSolution
		{3B536877-EB10-4159-BAE8-EF3F01BE8BDC}.Debug|Any CPU.ActiveCfg = Debug|Any CPU
		{3B536877-EB10-4159-BAE8-EF3F01BE8BDC}.Debug|Any CPU.Build.0 = Debug|Any CPU
		{3B536877-EB10-4159-BAE8-EF3F01BE8BDC}.Release|Any CPU.ActiveCfg = Release|Any CPU
		{3B536877-EB10-4159-BAE8-EF3F01BE8BDC}.Release|Any CPU.Build.0 = Release|Any CPU
	EndGlobalSection
	GlobalSection(SolutionProperties) = preSolution
		HideSolutionNode = FALSE
	EndGlobalSection
	GlobalSection(ExtensibilityGlobals) = postSolution
		SolutionGuid = {483BA200-46DB-483A-A66B-D7C57201CF36}
	EndGlobalSection
EndGlobal
