
Microsoft Visual Studio Solution File, Format Version 12.00
# Visual Studio Version 17
VisualStudioVersion = 17.14.36414.22 d17.14
MinimumVisualStudioVersion = 10.0.40219.1
Project("{FAE04EC0-301F-11D3-BF4B-00C04F79EFBC}") = "Praktik 3 Program Diskon Berdasarkan Total Belanja", "Praktik 3 Program Diskon Berdasarkan Total Belanja.csproj", "{89C881F0-1D70-423C-B3FF-81AFEA5170AB}"
EndProject
Global
	GlobalSection(SolutionConfigurationPlatforms) = preSolution
		Debug|Any CPU = Debug|Any CPU
		Release|Any CPU = Release|Any CPU
	EndGlobalSection
	GlobalSection(ProjectConfigurationPlatforms) = postSolution
		{89C881F0-1D70-423C-B3FF-81AFEA5170AB}.Debug|Any CPU.ActiveCfg = Debug|Any CPU
		{89C881F0-1D70-423C-B3FF-81AFEA5170AB}.Debug|Any CPU.Build.0 = Debug|Any CPU
		{89C881F0-1D70-423C-B3FF-81AFEA5170AB}.Release|Any CPU.ActiveCfg = Release|Any CPU
		{89C881F0-1D70-423C-B3FF-81AFEA5170AB}.Release|Any CPU.Build.0 = Release|Any CPU
	EndGlobalSection
	GlobalSection(SolutionProperties) = preSolution
		HideSolutionNode = FALSE
	EndGlobalSection
	GlobalSection(ExtensibilityGlobals) = postSolution
		SolutionGuid = {6C76BDB5-1291-4B31-9DE6-4A948CBCF15D}
	EndGlobalSection
EndGlobal
